
Microsoft Visual Studio Solution File, Format Version 12.00
Project("{FAE04EC0-301F-11D3-BF4B-00C04F79EFBC}") = "Strategy", "Strategy\Strategy.csproj", "{4E18C432-E6EB-4F19-9A9E-8EB8321DD516}"
EndProject
Project("{FAE04EC0-301F-11D3-BF4B-00C04F79EFBC}") = "SimpleFactory", "SimpleFactory\SimpleFactory.csproj", "{6B094D5F-F8C1-4834-8174-0C9311EF2983}"
EndProject
Global
	GlobalSection(SolutionConfigurationPlatforms) = preSolution
		Debug|Any CPU = Debug|Any CPU
		Debug|x64 = Debug|x64
		Debug|x86 = Debug|x86
		Release|Any CPU = Release|Any CPU
		Release|x64 = Release|x64
		Release|x86 = Release|x86
	EndGlobalSection
	GlobalSection(ProjectConfigurationPlatforms) = postSolution
		{4E18C432-E6EB-4F19-9A9E-8EB8321DD516}.Debug|Any CPU.ActiveCfg = Debug|Any CPU
		{4E18C432-E6EB-4F19-9A9E-8EB8321DD516}.Debug|Any CPU.Build.0 = Debug|Any CPU
		{4E18C432-E6EB-4F19-9A9E-8EB8321DD516}.Debug|x64.ActiveCfg = Debug|Any CPU
		{4E18C432-E6EB-4F19-9A9E-8EB8321DD516}.Debug|x64.Build.0 = Debug|Any CPU
		{4E18C432-E6EB-4F19-9A9E-8EB8321DD516}.Debug|x86.ActiveCfg = Debug|Any CPU
		{4E18C432-E6EB-4F19-9A9E-8EB8321DD516}.Debug|x86.Build.0 = Debug|Any CPU
		{4E18C432-E6EB-4F19-9A9E-8EB8321DD516}.Release|Any CPU.ActiveCfg = Release|Any CPU
		{4E18C432-E6EB-4F19-9A9E-8EB8321DD516}.Release|Any CPU.Build.0 = Release|Any CPU
		{4E18C432-E6EB-4F19-9A9E-8EB8321DD516}.Release|x64.ActiveCfg = Release|Any CPU
		{4E18C432-E6EB-4F19-9A9E-8EB8321DD516}.Release|x64.Build.0 = Release|Any CPU
		{4E18C432-E6EB-4F19-9A9E-8EB8321DD516}.Release|x86.ActiveCfg = Release|Any CPU
		{4E18C432-E6EB-4F19-9A9E-8EB8321DD516}.Release|x86.Build.0 = Release|Any CPU
		{6B094D5F-F8C1-4834-8174-0C9311EF2983}.Debug|Any CPU.ActiveCfg = Debug|Any CPU
		{6B094D5F-F8C1-4834-8174-0C9311EF2983}.Debug|Any CPU.Build.0 = Debug|Any CPU
		{6B094D5F-F8C1-4834-8174-0C9311EF2983}.Debug|x64.ActiveCfg = Debug|Any CPU
		{6B094D5F-F8C1-4834-8174-0C9311EF2983}.Debug|x64.Build.0 = Debug|Any CPU
		{6B094D5F-F8C1-4834-8174-0C9311EF2983}.Debug|x86.ActiveCfg = Debug|Any CPU
		{6B094D5F-F8C1-4834-8174-0C9311EF2983}.Debug|x86.Build.0 = Debug|Any CPU
		{6B094D5F-F8C1-4834-8174-0C9311EF2983}.Release|Any CPU.ActiveCfg = Release|Any CPU
		{6B094D5F-F8C1-4834-8174-0C9311EF2983}.Release|Any CPU.Build.0 = Release|Any CPU
		{6B094D5F-F8C1-4834-8174-0C9311EF2983}.Release|x64.ActiveCfg = Release|Any CPU
		{6B094D5F-F8C1-4834-8174-0C9311EF2983}.Release|x64.Build.0 = Release|Any CPU
		{6B094D5F-F8C1-4834-8174-0C9311EF2983}.Release|x86.ActiveCfg = Release|Any CPU
		{6B094D5F-F8C1-4834-8174-0C9311EF2983}.Release|x86.Build.0 = Release|Any CPU
	EndGlobalSection
	GlobalSection(SolutionProperties) = preSolution
		HideSolutionNode = FALSE
	EndGlobalSection
EndGlobal
